
Microsoft Visual Studio Solution File, Format Version 12.00
# Visual Studio 2013
VisualStudioVersion = 12.0.31101.0
MinimumVisualStudioVersion = 10.0.40219.1
Project("{FAE04EC0-301F-11D3-BF4B-00C04F79EFBC}") = "Algo", "Algo\Algo.csproj", "{B0BA057E-49C6-42BB-969F-9ECA41277398}"
EndProject
Project("{FAE04EC0-301F-11D3-BF4B-00C04F79EFBC}") = "Algo.Tests", "Algo.Tests\Algo.Tests.csproj", "{68526183-5663-45D9-8473-FB81A5C2C087}"
EndProject
Global
	GlobalSection(SolutionConfigurationPlatforms) = preSolution
		Debug|Any CPU = Debug|Any CPU
		Release|Any CPU = Release|Any CPU
	EndGlobalSection
	GlobalSection(ProjectConfigurationPlatforms) = postSolution
		{B0BA057E-49C6-42BB-969F-9ECA41277398}.Debug|Any CPU.ActiveCfg = Debug|Any CPU
		{B0BA057E-49C6-42BB-969F-9ECA41277398}.Debug|Any CPU.Build.0 = Debug|Any CPU
		{B0BA057E-49C6-42BB-969F-9ECA41277398}.Release|Any CPU.ActiveCfg = Release|Any CPU
		{B0BA057E-49C6-42BB-969F-9ECA41277398}.Release|Any CPU.Build.0 = Release|Any CPU
		{68526183-5663-45D9-8473-FB81A5C2C087}.Debug|Any CPU.ActiveCfg = Debug|Any CPU
		{68526183-5663-45D9-8473-FB81A5C2C087}.Debug|Any CPU.Build.0 = Debug|Any CPU
		{68526183-5663-45D9-8473-FB81A5C2C087}.Release|Any CPU.ActiveCfg = Release|Any CPU
		{68526183-5663-45D9-8473-FB81A5C2C087}.Release|Any CPU.Build.0 = Release|Any CPU
	EndGlobalSection
	GlobalSection(SolutionProperties) = preSolution
		HideSolutionNode = FALSE
	EndGlobalSection
EndGlobal
